github.com/Binozo/GoTinyAlsa v1.0.0 h1:T+HfB3egL3u2PLHwJWfLcS5OcmfjjddZxl3TLlYMkJM=
github.com/Binozo/GoTinyAlsa v1.0.0/go.mod h1:IWSQhPPdCG+QCUAV/wRzY/FLP0IcccOBSz0nXBG1qiE=
github.com/Binozo/GoTinyAlsa v1.0.1 h1:m3D6IfqTD76iFHSqfllhdPOonsaY3+pp8VDFfAglxzM=
github.com/Binozo/GoTinyAlsa v1.0.1/go.mod h1:IWSQhPPdCG+QCUAV/wRzY/FLP0IcccOBSz0nXBG1qiE=
github.com/Binozo/GoTinyAlsa v1.0.2 h1:IpPA9hAvqunkggez72qPK8GsELEE0rH4wnKX+MJkvgY=
github.com/Binozo/GoTinyAlsa v1.0.2/go.mod h1:IWSQhPPdCG+QCUAV/wRzY/FLP0IcccOBSz0nXBG1qiE=
